<?xml version="1.0" encoding="utf-8"?>
<Project ToolsVersion="4.0" xmlns="http://schemas.microsoft.com/developer/msbuild/2003">
  <ItemGroup>
    <Filter Include="源文件">
      <UniqueIdentifier>{4FC737F1-C7A5-4376-A066-2A32D752A2FF}</UniqueIdentifier>
      <Extensions>cpp;c;cc;cxx;c++;cppm;ixx;def;odl;idl;hpj;bat;asm;asmx</Extensions>
    </Filter>
    <Filter Include="头文件">
      <UniqueIdentifier>{93995380-89BD-4b04-88EB-625FBE52EBFB}</UniqueIdentifier>
      <Extensions>h;hh;hpp;hxx;h++;hm;inl;inc;ipp;xsd</Extensions>
    </Filter>
    <Filter Include="资源文件">
      <UniqueIdentifier>{67DA6AB6-F800-4c08-8B7A-83BB121AAD01}</UniqueIdentifier>
      <Extensions>rc;ico;cur;bmp;dlg;rc2;rct;bin;rgs;gif;jpg;jpeg;jpe;resx;tiff;tif;png;wav;mfcribbon-ms</Extensions>
    </Filter>
    <Filter Include="API">
      <UniqueIdentifier>{ddc9f1ab-f65e-4ea3-b388-8bc4f9cb58a9}</UniqueIdentifier>
    </Filter>
    <Filter Include="ImGUI">
      <UniqueIdentifier>{3e8162a9-d2fe-4d6e-ae6e-1777d4d26ce8}</UniqueIdentifier>
    </Filter>
    <Filter Include="资源文件\Noise">
      <UniqueIdentifier>{e6e98f8d-b2d1-4c70-a643-8b67176bf925}</UniqueIdentifier>
    </Filter>
    <Filter Include="头文件\Noise">
      <UniqueIdentifier>{2822abe4-f5bd-4572-bb40-61cd6af83533}</UniqueIdentifier>
    </Filter>
    <Filter Include="源文件\Noise">
      <UniqueIdentifier>{94f40aaa-053a-4cea-b247-8c477286e949}</UniqueIdentifier>
    </Filter>
  </ItemGroup>
  <ItemGroup>
    <None Include="shader\main.fs">
      <Filter>资源文件</Filter>
    </None>
    <None Include="shader\main.vs">
      <Filter>资源文件</Filter>
    </None>
    <None Include="shader\perlinworley.comp">
      <Filter>资源文件</Filter>
    </None>
    <None Include="shader\Raymarch.comp">
      <Filter>资源文件</Filter>
    </None>
    <None Include="shader\worley.comp">
      <Filter>资源文件</Filter>
    </None>
    <None Include="shader\weahter.comp">
      <Filter>资源文件</Filter>
    </None>
    <None Include="imgui\imgui.ini">
      <Filter>ImGUI</Filter>
    </None>
    <None Include="shader\noise\perlin.fs">
      <Filter>资源文件\Noise</Filter>
    </None>
    <None Include="shader\noise\perlin.vs">
      <Filter>资源文件\Noise</Filter>
    </None>
    <None Include="shader\noise\worley.fs">
      <Filter>资源文件\Noise</Filter>
    </None>
    <None Include="shader\noise\worley.vs">
      <Filter>资源文件\Noise</Filter>
    </None>
  </ItemGroup>
  <ItemGroup>
    <ClCompile Include="main.cpp" />
    <ClCompile Include="Texture.cpp">
      <Filter>源文件</Filter>
    </ClCompile>
    <ClCompile Include="glad.c">
      <Filter>API</Filter>
    </ClCompile>
    <ClCompile Include="stb_image.cpp">
      <Filter>API</Filter>
    </ClCompile>
    <ClCompile Include="stb_image_write.cpp">
      <Filter>API</Filter>
    </ClCompile>
    <ClCompile Include="Cloud.cpp">
      <Filter>源文件</Filter>
    </ClCompile>
    <ClCompile Include="imgui\imgui.cpp">
      <Filter>ImGUI</Filter>
    </ClCompile>
    <ClCompile Include="imgui\imgui_demo.cpp">
      <Filter>ImGUI</Filter>
    </ClCompile>
    <ClCompile Include="imgui\imgui_draw.cpp">
      <Filter>ImGUI</Filter>
    </ClCompile>
    <ClCompile Include="imgui\imgui_impl_glfw.cpp">
      <Filter>ImGUI</Filter>
    </ClCompile>
    <ClCompile Include="imgui\imgui_impl_opengl3.cpp">
      <Filter>ImGUI</Filter>
    </ClCompile>
    <ClCompile Include="imgui\imgui_tables.cpp">
      <Filter>ImGUI</Filter>
    </ClCompile>
    <ClCompile Include="imgui\imgui_widgets.cpp">
      <Filter>ImGUI</Filter>
    </ClCompile>
    <ClCompile Include="PerlinNoise.cpp">
      <Filter>源文件\Noise</Filter>
    </ClCompile>
    <ClCompile Include="Help.cpp">
      <Filter>源文件</Filter>
    </ClCompile>
    <ClCompile Include="WorleyNoise.cpp">
      <Filter>源文件\Noise</Filter>
    </ClCompile>
  </ItemGroup>
  <ItemGroup>
    <ClInclude Include="Camera.h">
      <Filter>头文件</Filter>
    </ClInclude>
    <ClInclude Include="Shader.h">
      <Filter>头文件</Filter>
    </ClInclude>
    <ClInclude Include="ComputeShader.h">
      <Filter>头文件</Filter>
    </ClInclude>
    <ClInclude Include="Texture.h">
      <Filter>头文件</Filter>
    </ClInclude>
    <ClInclude Include="Cloud.h">
      <Filter>头文件</Filter>
    </ClInclude>
    <ClInclude Include="PerlinNoise.h">
      <Filter>头文件\Noise</Filter>
    </ClInclude>
    <ClInclude Include="Help.h">
      <Filter>头文件</Filter>
    </ClInclude>
    <ClInclude Include="WorleyNoise.h">
      <Filter>头文件\Noise</Filter>
    </ClInclude>
  </ItemGroup>
</Project>